
Microsoft Visual Studio Solution File, Format Version 12.00
# Visual Studio Version 18
VisualStudioVersion = 18.7.11919.86
MinimumVisualStudioVersion = 10.0.40219.1
Project("{FAE04EC0-301F-11D3-BF4B-00C04F79EFBC}") = "LinalgBenchmarks", "Tests\LinalgBenchmarks\LinalgBenchmarks.csproj", "{69D7A8BE-4A14-04F6-06D0-D040F5DCD5F9}"
EndProject
Project("{FAE04EC0-301F-11D3-BF4B-00C04F79EFBC}") = "DocsExample", "Tests\DocsExample\DocsExample.csproj", "{AF583FBF-AD20-6560-B0C4-D74D6CD7C5FE}"
EndProject
Project("{2150E333-8FDC-42A3-9474-1A3956D46DE8}") = "Tests", "Tests", "{FC40244E-D01D-4D76-865A-67F2DB6A2D0E}"
EndProject
Project("{FAE04EC0-301F-11D3-BF4B-00C04F79EFBC}") = "DocsExample2", "Tests\DocsExample2\DocsExample2.csproj", "{FC31AC44-291A-9C3C-09E3-E84AAE0D99FD}"
EndProject
Project("{FAE04EC0-301F-11D3-BF4B-00C04F79EFBC}") = "DocsExample3", "Tests\DocsExample3\DocsExample3.csproj", "{FBD07F37-386A-AA84-41D8-984C6432C09F}"
EndProject
Project("{FAE04EC0-301F-11D3-BF4B-00C04F79EFBC}") = "Lavelle.Calc32", "Lavelle.Calc32\Lavelle.Calc32.csproj", "{2CAEB43A-6EA2-8AFE-F9F5-18B4D98CA561}"
EndProject
Project("{FAE04EC0-301F-11D3-BF4B-00C04F79EFBC}") = "Lavelle.Lazulite", "Lavelle.Lazulite\Lavelle.Lazulite.csproj", "{3140C9FC-3B34-52C8-87A0-EDEF16EEF3D4}"
EndProject
Project("{FAE04EC0-301F-11D3-BF4B-00C04F79EFBC}") = "Lavelle.Linalg32", "Lavelle.Linalg32\Lavelle.Linalg32.csproj", "{DBC27BB8-F1CD-CE9C-03AF-606B173D609D}"
EndProject
Project("{FAE04EC0-301F-11D3-BF4B-00C04F79EFBC}") = "DocsExample4", "Tests\DocsExample4\DocsExample4.csproj", "{A2945C70-5E42-2351-CC45-8A1E0D10A53A}"
EndProject
Project("{FAE04EC0-301F-11D3-BF4B-00C04F79EFBC}") = "Lavelle.Stats32", "Lavelle.Stats32\Lavelle.Stats32.csproj", "{030BCF3D-9175-B0A5-5736-5E7290B6701C}"
EndProject
Project("{FAE04EC0-301F-11D3-BF4B-00C04F79EFBC}") = "DocsExample5", "Tests\DocsExample5\DocsExample5.csproj", "{8DFCBD7A-BB95-80AA-CCFF-6D6235C2C98A}"
EndProject
Project("{FAE04EC0-301F-11D3-BF4B-00C04F79EFBC}") = "DocsExample6", "Tests\DocsExample6\DocsExample6.csproj", "{C934B33C-DAD0-1154-C9EC-099EF844D658}"
EndProject
Project("{FAE04EC0-301F-11D3-BF4B-00C04F79EFBC}") = "DocsExample7", "Tests\DocsExample7\DocsExample7.csproj", "{8D4EF509-B10D-4CE3-BD88-190F2981CA06}"
EndProject
Project("{FAE04EC0-301F-11D3-BF4B-00C04F79EFBC}") = "DocsExample8", "Tests\DocsExample8\DocsExample8.csproj", "{DCF30625-EE9F-42B2-9CA4-34EC76B81C31}"
EndProject
Global
	GlobalSection(SolutionConfigurationPlatforms) = preSolution
		Debug|Any CPU = Debug|Any CPU
		Debug|x64 = Debug|x64
		Debug|x86 = Debug|x86
		Release|Any CPU = Release|Any CPU
		Release|x64 = Release|x64
		Release|x86 = Release|x86
	EndGlobalSection
	GlobalSection(ProjectConfigurationPlatforms) = postSolution
		{69D7A8BE-4A14-04F6-06D0-D040F5DCD5F9}.Debug|Any CPU.ActiveCfg = Debug|Any CPU
		{69D7A8BE-4A14-04F6-06D0-D040F5DCD5F9}.Debug|Any CPU.Build.0 = Debug|Any CPU
		{69D7A8BE-4A14-04F6-06D0-D040F5DCD5F9}.Debug|x64.ActiveCfg = Debug|Any CPU
		{69D7A8BE-4A14-04F6-06D0-D040F5DCD5F9}.Debug|x64.Build.0 = Debug|Any CPU
		{69D7A8BE-4A14-04F6-06D0-D040F5DCD5F9}.Debug|x86.ActiveCfg = Debug|Any CPU
		{69D7A8BE-4A14-04F6-06D0-D040F5DCD5F9}.Debug|x86.Build.0 = Debug|Any CPU
		{69D7A8BE-4A14-04F6-06D0-D040F5DCD5F9}.Release|Any CPU.ActiveCfg = Release|Any CPU
		{69D7A8BE-4A14-04F6-06D0-D040F5DCD5F9}.Release|Any CPU.Build.0 = Release|Any CPU
		{69D7A8BE-4A14-04F6-06D0-D040F5DCD5F9}.Release|x64.ActiveCfg = Release|Any CPU
		{69D7A8BE-4A14-04F6-06D0-D040F5DCD5F9}.Release|x64.Build.0 = Release|Any CPU
		{69D7A8BE-4A14-04F6-06D0-D040F5DCD5F9}.Release|x86.ActiveCfg = Release|Any CPU
		{69D7A8BE-4A14-04F6-06D0-D040F5DCD5F9}.Release|x86.Build.0 = Release|Any CPU
		{AF583FBF-AD20-6560-B0C4-D74D6CD7C5FE}.Debug|Any CPU.ActiveCfg = Debug|Any CPU
		{AF583FBF-AD20-6560-B0C4-D74D6CD7C5FE}.Debug|Any CPU.Build.0 = Debug|Any CPU
		{AF583FBF-AD20-6560-B0C4-D74D6CD7C5FE}.Debug|x64.ActiveCfg = Debug|Any CPU
		{AF583FBF-AD20-6560-B0C4-D74D6CD7C5FE}.Debug|x64.Build.0 = Debug|Any CPU
		{AF583FBF-AD20-6560-B0C4-D74D6CD7C5FE}.Debug|x86.ActiveCfg = Debug|Any CPU
		{AF583FBF-AD20-6560-B0C4-D74D6CD7C5FE}.Debug|x86.Build.0 = Debug|Any CPU
		{AF583FBF-AD20-6560-B0C4-D74D6CD7C5FE}.Release|Any CPU.ActiveCfg = Release|Any CPU
		{AF583FBF-AD20-6560-B0C4-D74D6CD7C5FE}.Release|Any CPU.Build.0 = Release|Any CPU
		{AF583FBF-AD20-6560-B0C4-D74D6CD7C5FE}.Release|x64.ActiveCfg = Release|Any CPU
		{AF583FBF-AD20-6560-B0C4-D74D6CD7C5FE}.Release|x64.Build.0 = Release|Any CPU
		{AF583FBF-AD20-6560-B0C4-D74D6CD7C5FE}.Release|x86.ActiveCfg = Release|Any CPU
		{AF583FBF-AD20-6560-B0C4-D74D6CD7C5FE}.Release|x86.Build.0 = Release|Any CPU
		{FC31AC44-291A-9C3C-09E3-E84AAE0D99FD}.Debug|Any CPU.ActiveCfg = Debug|Any CPU
		{FC31AC44-291A-9C3C-09E3-E84AAE0D99FD}.Debug|Any CPU.Build.0 = Debug|Any CPU
		{FC31AC44-291A-9C3C-09E3-E84AAE0D99FD}.Debug|x64.ActiveCfg = Debug|Any CPU
		{FC31AC44-291A-9C3C-09E3-E84AAE0D99FD}.Debug|x64.Build.0 = Debug|Any CPU
		{FC31AC44-291A-9C3C-09E3-E84AAE0D99FD}.Debug|x86.ActiveCfg = Debug|Any CPU
		{FC31AC44-291A-9C3C-09E3-E84AAE0D99FD}.Debug|x86.Build.0 = Debug|Any CPU
		{FC31AC44-291A-9C3C-09E3-E84AAE0D99FD}.Release|Any CPU.ActiveCfg = Release|Any CPU
		{FC31AC44-291A-9C3C-09E3-E84AAE0D99FD}.Release|Any CPU.Build.0 = Release|Any CPU
		{FC31AC44-291A-9C3C-09E3-E84AAE0D99FD}.Release|x64.ActiveCfg = Release|Any CPU
		{FC31AC44-291A-9C3C-09E3-E84AAE0D99FD}.Release|x64.Build.0 = Release|Any CPU
		{FC31AC44-291A-9C3C-09E3-E84AAE0D99FD}.Release|x86.ActiveCfg = Release|Any CPU
		{FC31AC44-291A-9C3C-09E3-E84AAE0D99FD}.Release|x86.Build.0 = Release|Any CPU
		{FBD07F37-386A-AA84-41D8-984C6432C09F}.Debug|Any CPU.ActiveCfg = Debug|Any CPU
		{FBD07F37-386A-AA84-41D8-984C6432C09F}.Debug|Any CPU.Build.0 = Debug|Any CPU
		{FBD07F37-386A-AA84-41D8-984C6432C09F}.Debug|x64.ActiveCfg = Debug|Any CPU
		{FBD07F37-386A-AA84-41D8-984C6432C09F}.Debug|x64.Build.0 = Debug|Any CPU
		{FBD07F37-386A-AA84-41D8-984C6432C09F}.Debug|x86.ActiveCfg = Debug|Any CPU
		{FBD07F37-386A-AA84-41D8-984C6432C09F}.Debug|x86.Build.0 = Debug|Any CPU
		{FBD07F37-386A-AA84-41D8-984C6432C09F}.Release|Any CPU.ActiveCfg = Release|Any CPU
		{FBD07F37-386A-AA84-41D8-984C6432C09F}.Release|Any CPU.Build.0 = Release|Any CPU
		{FBD07F37-386A-AA84-41D8-984C6432C09F}.Release|x64.ActiveCfg = Release|Any CPU
		{FBD07F37-386A-AA84-41D8-984C6432C09F}.Release|x64.Build.0 = Release|Any CPU
		{FBD07F37-386A-AA84-41D8-984C6432C09F}.Release|x86.ActiveCfg = Release|Any CPU
		{FBD07F37-386A-AA84-41D8-984C6432C09F}.Release|x86.Build.0 = Release|Any CPU
		{2CAEB43A-6EA2-8AFE-F9F5-18B4D98CA561}.Debug|Any CPU.ActiveCfg = Debug|Any CPU
		{2CAEB43A-6EA2-8AFE-F9F5-18B4D98CA561}.Debug|Any CPU.Build.0 = Debug|Any CPU
		{2CAEB43A-6EA2-8AFE-F9F5-18B4D98CA561}.Debug|x64.ActiveCfg = Debug|Any CPU
		{2CAEB43A-6EA2-8AFE-F9F5-18B4D98CA561}.Debug|x64.Build.0 = Debug|Any CPU
		{2CAEB43A-6EA2-8AFE-F9F5-18B4D98CA561}.Debug|x86.ActiveCfg = Debug|Any CPU
		{2CAEB43A-6EA2-8AFE-F9F5-18B4D98CA561}.Debug|x86.Build.0 = Debug|Any CPU
		{2CAEB43A-6EA2-8AFE-F9F5-18B4D98CA561}.Release|Any CPU.ActiveCfg = Release|Any CPU
		{2CAEB43A-6EA2-8AFE-F9F5-18B4D98CA561}.Release|Any CPU.Build.0 = Release|Any CPU
		{2CAEB43A-6EA2-8AFE-F9F5-18B4D98CA561}.Release|x64.ActiveCfg = Release|Any CPU
		{2CAEB43A-6EA2-8AFE-F9F5-18B4D98CA561}.Release|x64.Build.0 = Release|Any CPU
		{2CAEB43A-6EA2-8AFE-F9F5-18B4D98CA561}.Release|x86.ActiveCfg = Release|Any CPU
		{2CAEB43A-6EA2-8AFE-F9F5-18B4D98CA561}.Release|x86.Build.0 = Release|Any CPU
		{3140C9FC-3B34-52C8-87A0-EDEF16EEF3D4}.Debug|Any CPU.ActiveCfg = Debug|Any CPU
		{3140C9FC-3B34-52C8-87A0-EDEF16EEF3D4}.Debug|Any CPU.Build.0 = Debug|Any CPU
		{3140C9FC-3B34-52C8-87A0-EDEF16EEF3D4}.Debug|x64.ActiveCfg = Debug|Any CPU
		{3140C9FC-3B34-52C8-87A0-EDEF16EEF3D4}.Debug|x64.Build.0 = Debug|Any CPU
		{3140C9FC-3B34-52C8-87A0-EDEF16EEF3D4}.Debug|x86.ActiveCfg = Debug|Any CPU
		{3140C9FC-3B34-52C8-87A0-EDEF16EEF3D4}.Debug|x86.Build.0 = Debug|Any CPU
		{3140C9FC-3B34-52C8-87A0-EDEF16EEF3D4}.Release|Any CPU.ActiveCfg = Release|Any CPU
		{3140C9FC-3B34-52C8-87A0-EDEF16EEF3D4}.Release|Any CPU.Build.0 = Release|Any CPU
		{3140C9FC-3B34-52C8-87A0-EDEF16EEF3D4}.Release|x64.ActiveCfg = Release|Any CPU
		{3140C9FC-3B34-52C8-87A0-EDEF16EEF3D4}.Release|x64.Build.0 = Release|Any CPU
		{3140C9FC-3B34-52C8-87A0-EDEF16EEF3D4}.Release|x86.ActiveCfg = Release|Any CPU
		{3140C9FC-3B34-52C8-87A0-EDEF16EEF3D4}.Release|x86.Build.0 = Release|Any CPU
		{DBC27BB8-F1CD-CE9C-03AF-606B173D609D}.Debug|Any CPU.ActiveCfg = Debug|Any CPU
		{DBC27BB8-F1CD-CE9C-03AF-606B173D609D}.Debug|Any CPU.Build.0 = Debug|Any CPU
		{DBC27BB8-F1CD-CE9C-03AF-606B173D609D}.Debug|x64.ActiveCfg = Debug|Any CPU
		{DBC27BB8-F1CD-CE9C-03AF-606B173D609D}.Debug|x64.Build.0 = Debug|Any CPU
		{DBC27BB8-F1CD-CE9C-03AF-606B173D609D}.Debug|x86.ActiveCfg = Debug|Any CPU
		{DBC27BB8-F1CD-CE9C-03AF-606B173D609D}.Debug|x86.Build.0 = Debug|Any CPU
		{DBC27BB8-F1CD-CE9C-03AF-606B173D609D}.Release|Any CPU.ActiveCfg = Release|Any CPU
		{DBC27BB8-F1CD-CE9C-03AF-606B173D609D}.Release|Any CPU.Build.0 = Release|Any CPU
		{DBC27BB8-F1CD-CE9C-03AF-606B173D609D}.Release|x64.ActiveCfg = Release|Any CPU
		{DBC27BB8-F1CD-CE9C-03AF-606B173D609D}.Release|x64.Build.0 = Release|Any CPU
		{DBC27BB8-F1CD-CE9C-03AF-606B173D609D}.Release|x86.ActiveCfg = Release|Any CPU
		{DBC27BB8-F1CD-CE9C-03AF-606B173D609D}.Release|x86.Build.0 = Release|Any CPU
		{A2945C70-5E42-2351-CC45-8A1E0D10A53A}.Debug|Any CPU.ActiveCfg = Debug|Any CPU
		{A2945C70-5E42-2351-CC45-8A1E0D10A53A}.Debug|Any CPU.Build.0 = Debug|Any CPU
		{A2945C70-5E42-2351-CC45-8A1E0D10A53A}.Debug|x64.ActiveCfg = Debug|Any CPU
		{A2945C70-5E42-2351-CC45-8A1E0D10A53A}.Debug|x64.Build.0 = Debug|Any CPU
		{A2945C70-5E42-2351-CC45-8A1E0D10A53A}.Debug|x86.ActiveCfg = Debug|Any CPU
		{A2945C70-5E42-2351-CC45-8A1E0D10A53A}.Debug|x86.Build.0 = Debug|Any CPU
		{A2945C70-5E42-2351-CC45-8A1E0D10A53A}.Release|Any CPU.ActiveCfg = Release|Any CPU
		{A2945C70-5E42-2351-CC45-8A1E0D10A53A}.Release|Any CPU.Build.0 = Release|Any CPU
		{A2945C70-5E42-2351-CC45-8A1E0D10A53A}.Release|x64.ActiveCfg = Release|Any CPU
		{A2945C70-5E42-2351-CC45-8A1E0D10A53A}.Release|x64.Build.0 = Release|Any CPU
		{A2945C70-5E42-2351-CC45-8A1E0D10A53A}.Release|x86.ActiveCfg = Release|Any CPU
		{A2945C70-5E42-2351-CC45-8A1E0D10A53A}.Release|x86.Build.0 = Release|Any CPU
		{030BCF3D-9175-B0A5-5736-5E7290B6701C}.Debug|Any CPU.ActiveCfg = Debug|Any CPU
		{030BCF3D-9175-B0A5-5736-5E7290B6701C}.Debug|Any CPU.Build.0 = Debug|Any CPU
		{030BCF3D-9175-B0A5-5736-5E7290B6701C}.Debug|x64.ActiveCfg = Debug|Any CPU
		{030BCF3D-9175-B0A5-5736-5E7290B6701C}.Debug|x64.Build.0 = Debug|Any CPU
		{030BCF3D-9175-B0A5-5736-5E7290B6701C}.Debug|x86.ActiveCfg = Debug|Any CPU
		{030BCF3D-9175-B0A5-5736-5E7290B6701C}.Debug|x86.Build.0 = Debug|Any CPU
		{030BCF3D-9175-B0A5-5736-5E7290B6701C}.Release|Any CPU.ActiveCfg = Release|Any CPU
		{030BCF3D-9175-B0A5-5736-5E7290B6701C}.Release|Any CPU.Build.0 = Release|Any CPU
		{030BCF3D-9175-B0A5-5736-5E7290B6701C}.Release|x64.ActiveCfg = Release|Any CPU
		{030BCF3D-9175-B0A5-5736-5E7290B6701C}.Release|x64.Build.0 = Release|Any CPU
		{030BCF3D-9175-B0A5-5736-5E7290B6701C}.Release|x86.ActiveCfg = Release|Any CPU
		{030BCF3D-9175-B0A5-5736-5E7290B6701C}.Release|x86.Build.0 = Release|Any CPU
		{8DFCBD7A-BB95-80AA-CCFF-6D6235C2C98A}.Debug|Any CPU.ActiveCfg = Debug|Any CPU
		{8DFCBD7A-BB95-80AA-CCFF-6D6235C2C98A}.Debug|Any CPU.Build.0 = Debug|Any CPU
		{8DFCBD7A-BB95-80AA-CCFF-6D6235C2C98A}.Debug|x64.ActiveCfg = Debug|Any CPU
		{8DFCBD7A-BB95-80AA-CCFF-6D6235C2C98A}.Debug|x64.Build.0 = Debug|Any CPU
		{8DFCBD7A-BB95-80AA-CCFF-6D6235C2C98A}.Debug|x86.ActiveCfg = Debug|Any CPU
		{8DFCBD7A-BB95-80AA-CCFF-6D6235C2C98A}.Debug|x86.Build.0 = Debug|Any CPU
		{8DFCBD7A-BB95-80AA-CCFF-6D6235C2C98A}.Release|Any CPU.ActiveCfg = Release|Any CPU
		{8DFCBD7A-BB95-80AA-CCFF-6D6235C2C98A}.Release|Any CPU.Build.0 = Release|Any CPU
		{8DFCBD7A-BB95-80AA-CCFF-6D6235C2C98A}.Release|x64.ActiveCfg = Release|Any CPU
		{8DFCBD7A-BB95-80AA-CCFF-6D6235C2C98A}.Release|x64.Build.0 = Release|Any CPU
		{8DFCBD7A-BB95-80AA-CCFF-6D6235C2C98A}.Release|x86.ActiveCfg = Release|Any CPU
		{8DFCBD7A-BB95-80AA-CCFF-6D6235C2C98A}.Release|x86.Build.0 = Release|Any CPU
		{C934B33C-DAD0-1154-C9EC-099EF844D658}.Debug|Any CPU.ActiveCfg = Debug|Any CPU
		{C934B33C-DAD0-1154-C9EC-099EF844D658}.Debug|Any CPU.Build.0 = Debug|Any CPU
		{C934B33C-DAD0-1154-C9EC-099EF844D658}.Debug|x64.ActiveCfg = Debug|Any CPU
		{C934B33C-DAD0-1154-C9EC-099EF844D658}.Debug|x64.Build.0 = Debug|Any CPU
		{C934B33C-DAD0-1154-C9EC-099EF844D658}.Debug|x86.ActiveCfg = Debug|Any CPU
		{C934B33C-DAD0-1154-C9EC-099EF844D658}.Debug|x86.Build.0 = Debug|Any CPU
		{C934B33C-DAD0-1154-C9EC-099EF844D658}.Release|Any CPU.ActiveCfg = Release|Any CPU
		{C934B33C-DAD0-1154-C9EC-099EF844D658}.Release|Any CPU.Build.0 = Release|Any CPU
		{C934B33C-DAD0-1154-C9EC-099EF844D658}.Release|x64.ActiveCfg = Release|Any CPU
		{C934B33C-DAD0-1154-C9EC-099EF844D658}.Release|x64.Build.0 = Release|Any CPU
		{C934B33C-DAD0-1154-C9EC-099EF844D658}.Release|x86.ActiveCfg = Release|Any CPU
		{C934B33C-DAD0-1154-C9EC-099EF844D658}.Release|x86.Build.0 = Release|Any CPU
		{8D4EF509-B10D-4CE3-BD88-190F2981CA06}.Debug|Any CPU.ActiveCfg = Debug|Any CPU
		{8D4EF509-B10D-4CE3-BD88-190F2981CA06}.Debug|Any CPU.Build.0 = Debug|Any CPU
		{8D4EF509-B10D-4CE3-BD88-190F2981CA06}.Debug|x64.ActiveCfg = Debug|Any CPU
		{8D4EF509-B10D-4CE3-BD88-190F2981CA06}.Debug|x64.Build.0 = Debug|Any CPU
		{8D4EF509-B10D-4CE3-BD88-190F2981CA06}.Debug|x86.ActiveCfg = Debug|Any CPU
		{8D4EF509-B10D-4CE3-BD88-190F2981CA06}.Debug|x86.Build.0 = Debug|Any CPU
		{8D4EF509-B10D-4CE3-BD88-190F2981CA06}.Release|Any CPU.ActiveCfg = Release|Any CPU
		{8D4EF509-B10D-4CE3-BD88-190F2981CA06}.Release|Any CPU.Build.0 = Release|Any CPU
		{8D4EF509-B10D-4CE3-BD88-190F2981CA06}.Release|x64.ActiveCfg = Release|Any CPU
		{8D4EF509-B10D-4CE3-BD88-190F2981CA06}.Release|x64.Build.0 = Release|Any CPU
		{8D4EF509-B10D-4CE3-BD88-190F2981CA06}.Release|x86.ActiveCfg = Release|Any CPU
		{8D4EF509-B10D-4CE3-BD88-190F2981CA06}.Release|x86.Build.0 = Release|Any CPU
		{DCF30625-EE9F-42B2-9CA4-34EC76B81C31}.Debug|Any CPU.ActiveCfg = Debug|Any CPU
		{DCF30625-EE9F-42B2-9CA4-34EC76B81C31}.Debug|Any CPU.Build.0 = Debug|Any CPU
		{DCF30625-EE9F-42B2-9CA4-34EC76B81C31}.Debug|x64.ActiveCfg = Debug|Any CPU
		{DCF30625-EE9F-42B2-9CA4-34EC76B81C31}.Debug|x64.Build.0 = Debug|Any CPU
		{DCF30625-EE9F-42B2-9CA4-34EC76B81C31}.Debug|x86.ActiveCfg = Debug|Any CPU
		{DCF30625-EE9F-42B2-9CA4-34EC76B81C31}.Debug|x86.Build.0 = Debug|Any CPU
		{DCF30625-EE9F-42B2-9CA4-34EC76B81C31}.Release|Any CPU.ActiveCfg = Release|Any CPU
		{DCF30625-EE9F-42B2-9CA4-34EC76B81C31}.Release|Any CPU.Build.0 = Release|Any CPU
		{DCF30625-EE9F-42B2-9CA4-34EC76B81C31}.Release|x64.ActiveCfg = Release|Any CPU
		{DCF30625-EE9F-42B2-9CA4-34EC76B81C31}.Release|x64.Build.0 = Release|Any CPU
		{DCF30625-EE9F-42B2-9CA4-34EC76B81C31}.Release|x86.ActiveCfg = Release|Any CPU
		{DCF30625-EE9F-42B2-9CA4-34EC76B81C31}.Release|x86.Build.0 = Release|Any CPU
	EndGlobalSection
	GlobalSection(SolutionProperties) = preSolution
		HideSolutionNode = FALSE
	EndGlobalSection
	GlobalSection(NestedProjects) = preSolution
		{69D7A8BE-4A14-04F6-06D0-D040F5DCD5F9} = {FC40244E-D01D-4D76-865A-67F2DB6A2D0E}
		{AF583FBF-AD20-6560-B0C4-D74D6CD7C5FE} = {FC40244E-D01D-4D76-865A-67F2DB6A2D0E}
		{FC31AC44-291A-9C3C-09E3-E84AAE0D99FD} = {FC40244E-D01D-4D76-865A-67F2DB6A2D0E}
		{FBD07F37-386A-AA84-41D8-984C6432C09F} = {FC40244E-D01D-4D76-865A-67F2DB6A2D0E}
		{A2945C70-5E42-2351-CC45-8A1E0D10A53A} = {FC40244E-D01D-4D76-865A-67F2DB6A2D0E}
		{8DFCBD7A-BB95-80AA-CCFF-6D6235C2C98A} = {FC40244E-D01D-4D76-865A-67F2DB6A2D0E}
		{C934B33C-DAD0-1154-C9EC-099EF844D658} = {FC40244E-D01D-4D76-865A-67F2DB6A2D0E}
		{8D4EF509-B10D-4CE3-BD88-190F2981CA06} = {FC40244E-D01D-4D76-865A-67F2DB6A2D0E}
		{DCF30625-EE9F-42B2-9CA4-34EC76B81C31} = {FC40244E-D01D-4D76-865A-67F2DB6A2D0E}
	EndGlobalSection
	GlobalSection(ExtensibilityGlobals) = postSolution
		SolutionGuid = {CCA16F5A-E6B3-4073-B4D8-4F2AAA5A7294}
	EndGlobalSection
EndGlobal
